// !$*UTF8*$!
{
	archiveVersion = 1;
	classes = {
	};
	objectVersion = 51;
	objects = {

/* Begin PBXBuildFile section */
		3C11B65D252E435C004F8B15 /* AppDelegate.swift in Sources */ = {isa = PBXBuildFile; fileRef = 3C11B65C252E435C004F8B15 /* AppDelegate.swift */; };
		3C11B65F252E435C004F8B15 /* SceneDelegate.swift in Sources */ = {isa = PBXBuildFile; fileRef = 3C11B65E252E435C004F8B15 /* SceneDelegate.swift */; };
		3C11B661252E435C004F8B15 /* ViewController.swift in Sources */ = {isa = PBXBuildFile; fileRef = 3C11B660252E435C004F8B15 /* ViewController.swift */; };
		3C11B664252E435D004F8B15 /* Main.storyboard in Resources */ = {isa = PBXBuildFile; fileRef = 3C11B662252E435D004F8B15 /* Main.storyboard */; };
		3C11B666252E4361004F8B15 /* Assets.xcassets in Resources */ = {isa = PBXBuildFile; fileRef = 3C11B665252E4361004F8B15 /* Assets.xcassets */; };
		3C11B669252E4361004F8B15 /* LaunchScreen.storyboard in Resources */ = {isa = PBXBuildFile; fileRef = 3C11B667252E4361004F8B15 /* LaunchScreen.storyboard */; };
		3CBB27EC257830D200A623B7 /* MLModel in Resources */ = {isa = PBXBuildFile; fileRef = 3CBB27EB257830D200A623B7 /* MLModel */; };
		3CBB27F02579129300A623B7 /* SoothsayerViewController.swift in Sources */ = {isa = PBXBuildFile; fileRef = 3CBB27EF2579129200A623B7 /* SoothsayerViewController.swift */; };
		3CBB27F325791F6F00A623B7 /* Apartment.swift in Sources */ = {isa = PBXBuildFile; fileRef = 3CBB27F225791F6F00A623B7 /* Apartment.swift */; };
		3CE25C52257D351400DA95BE /* CostPredictionModel.mlmodel in Sources */ = {isa = PBXBuildFile; fileRef = 3CE25C51257D351400DA95BE /* CostPredictionModel.mlmodel */; };
		AE1CA9823F4B4F36957CC393 /* Pods_HomeWork2.framework in Frameworks */ = {isa = PBXBuildFile; fileRef = 4AA3E526281A8D480F499292 /* Pods_HomeWork2.framework */; };
/* End PBXBuildFile section */

/* Begin PBXFileReference section */
		3C11B659252E435C004F8B15 /* HomeWork2.app */ = {isa = PBXFileReference; explicitFileType = wrapper.application; includeInIndex = 0; path = HomeWork2.app; sourceTree = BUILT_PRODUCTS_DIR; };
		3C11B65C252E435C004F8B15 /* AppDelegate.swift */ = {isa = PBXFileReference; lastKnownFileType = sourcecode.swift; path = AppDelegate.swift; sourceTree = "<group>"; };
		3C11B65E252E435C004F8B15 /* SceneDelegate.swift */ = {isa = PBXFileReference; lastKnownFileType = sourcecode.swift; path = SceneDelegate.swift; sourceTree = "<group>"; };
		3C11B660252E435C004F8B15 /* ViewController.swift */ = {isa = PBXFileReference; lastKnownFileType = sourcecode.swift; path = ViewController.swift; sourceTree = "<group>"; };
		3C11B663252E435D004F8B15 /* Base */ = {isa = PBXFileReference; lastKnownFileType = file.storyboard; name = Base; path = Base.lproj/Main.storyboard; sourceTree = "<group>"; };
		3C11B665252E4361004F8B15 /* Assets.xcassets */ = {isa = PBXFileReference; lastKnownFileType = folder.assetcatalog; path = Assets.xcassets; sourceTree = "<group>"; };
		3C11B668252E4361004F8B15 /* Base */ = {isa = PBXFileReference; lastKnownFileType = file.storyboard; name = Base; path = Base.lproj/LaunchScreen.storyboard; sourceTree = "<group>"; };
		3C11B66A252E4361004F8B15 /* Info.plist */ = {isa = PBXFileReference; lastKnownFileType = text.plist.xml; path = Info.plist; sourceTree = "<group>"; };
		3CBB27EB257830D200A623B7 /* MLModel */ = {isa = PBXFileReference; lastKnownFileType = folder; path = MLModel; sourceTree = "<group>"; };
		3CBB27EF2579129200A623B7 /* SoothsayerViewController.swift */ = {isa = PBXFileReference; lastKnownFileType = sourcecode.swift; path = SoothsayerViewController.swift; sourceTree = "<group>"; };
		3CBB27F225791F6F00A623B7 /* Apartment.swift */ = {isa = PBXFileReference; lastKnownFileType = sourcecode.swift; path = Apartment.swift; sourceTree = "<group>"; };
		3CE25C51257D351400DA95BE /* CostPredictionModel.mlmodel */ = {isa = PBXFileReference; lastKnownFileType = file.mlmodel; path = CostPredictionModel.mlmodel; sourceTree = "<group>"; };
		4756125CDAACE2E181532673 /* Pods-HomeWork2.debug.xcconfig */ = {isa = PBXFileReference; includeInIndex = 1; lastKnownFileType = text.xcconfig; name = "Pods-HomeWork2.debug.xcconfig"; path = "Target Support Files/Pods-HomeWork2/Pods-HomeWork2.debug.xcconfig"; sourceTree = "<group>"; };
		495DAA6EB317E134E960E937 /* Pods-HomeWork2.release.xcconfig */ = {isa = PBXFileReference; includeInIndex = 1; lastKnownFileType = text.xcconfig; name = "Pods-HomeWork2.release.xcconfig"; path = "Target Support Files/Pods-HomeWork2/Pods-HomeWork2.release.xcconfig"; sourceTree = "<group>"; };
		4AA3E526281A8D480F499292 /* Pods_HomeWork2.framework */ = {isa = PBXFileReference; explicitFileType = wrapper.framework; includeInIndex = 0; path = Pods_HomeWork2.framework; sourceTree = BUILT_PRODUCTS_DIR; };
/* End PBXFileReference section */

/* Begin PBXFrameworksBuildPhase section */
		3C11B656252E435C004F8B15 /* Frameworks */ = {
			isa = PBXFrameworksBuildPhase;
			buildActionMask = 2147483647;
			files = (
				AE1CA9823F4B4F36957CC393 /* Pods_HomeWork2.framework in Frameworks */,
			);
			runOnlyForDeploymentPostprocessing = 0;
		};
/* End PBXFrameworksBuildPhase section */

/* Begin PBXGroup section */
		265162D0B13BFD12527B4F94 /* Pods */ = {
			isa = PBXGroup;
			children = (
				4756125CDAACE2E181532673 /* Pods-HomeWork2.debug.xcconfig */,
				495DAA6EB317E134E960E937 /* Pods-HomeWork2.release.xcconfig */,
			);
			path = Pods;
			sourceTree = "<group>";
		};
		3C11B650252E435C004F8B15 = {
			isa = PBXGroup;
			children = (
				3CBB27EB257830D200A623B7 /* MLModel */,
				3C11B65B252E435C004F8B15 /* HomeWork2 */,
				3C11B65A252E435C004F8B15 /* Products */,
				265162D0B13BFD12527B4F94 /* Pods */,
				F8876FE3507B649D9879C74A /* Frameworks */,
			);
			sourceTree = "<group>";
		};
		3C11B65A252E435C004F8B15 /* Products */ = {
			isa = PBXGroup;
			children = (
				3C11B659252E435C004F8B15 /* HomeWork2.app */,
			);
			name = Products;
			sourceTree = "<group>";
		};
		3C11B65B252E435C004F8B15 /* HomeWork2 */ = {
			isa = PBXGroup;
			children = (
				3CBB27F225791F6F00A623B7 /* Apartment.swift */,
				3C11B65C252E435C004F8B15 /* AppDelegate.swift */,
				3C11B65E252E435C004F8B15 /* SceneDelegate.swift */,
				3C11B660252E435C004F8B15 /* ViewController.swift */,
				3CBB27EF2579129200A623B7 /* SoothsayerViewController.swift */,
				3CE25C51257D351400DA95BE /* CostPredictionModel.mlmodel */,
				3C11B662252E435D004F8B15 /* Main.storyboard */,
				3C11B665252E4361004F8B15 /* Assets.xcassets */,
				3C11B667252E4361004F8B15 /* LaunchScreen.storyboard */,
				3C11B66A252E4361004F8B15 /* Info.plist */,
			);
			path = HomeWork2;
			sourceTree = "<group>";
		};
		F8876FE3507B649D9879C74A /* Frameworks */ = {
			isa = PBXGroup;
			children = (
				4AA3E526281A8D480F499292 /* Pods_HomeWork2.framework */,
			);
			name = Frameworks;
			sourceTree = "<group>";
		};
/* End PBXGroup section */

/* Begin PBXNativeTarget section */
		3C11B658252E435C004F8B15 /* HomeWork2 */ = {
			isa = PBXNativeTarget;
			buildConfigurationList = 3C11B66D252E4361004F8B15 /* Build configuration list for PBXNativeTarget "HomeWork2" */;
			buildPhases = (
				4D09E1192D34F9BD64B19823 /* [CP] Check Pods Manifest.lock */,
				3C11B655252E435C004F8B15 /* Sources */,
				3C11B656252E435C004F8B15 /* Frameworks */,
				3C11B657252E435C004F8B15 /* Resources */,
				F9B028F5EC8DDF018259ED6F /* [CP] Embed Pods Frameworks */,
			);
			buildRules = (
			);
			dependencies = (
			);
			name = HomeWork2;
			productName = HomeWork2;
			productReference = 3C11B659252E435C004F8B15 /* HomeWork2.app */;
			productType = "com.apple.product-type.application";
		};
/* End PBXNativeTarget section */

/* Begin PBXProject section */
		3C11B651252E435C004F8B15 /* Project object */ = {
			isa = PBXProject;
			attributes = {
				LastSwiftUpdateCheck = 1200;
				LastUpgradeCheck = 1200;
				TargetAttributes = {
					3C11B658252E435C004F8B15 = {
						CreatedOnToolsVersion = 12.0.1;
					};
				};
			};
			buildConfigurationList = 3C11B654252E435C004F8B15 /* Build configuration list for PBXProject "HomeWork2" */;
			compatibilityVersion = "Xcode 9.3";
			developmentRegion = en;
			hasScannedForEncodings = 0;
			knownRegions = (
				en,
				Base,
			);
			mainGroup = 3C11B650252E435C004F8B15;
			productRefGroup = 3C11B65A252E435C004F8B15 /* Products */;
			projectDirPath = "";
			projectRoot = "";
			targets = (
				3C11B658252E435C004F8B15 /* HomeWork2 */,
			);
		};
/* End PBXProject section */

/* Begin PBXResourcesBuildPhase section */
		3C11B657252E435C004F8B15 /* Resources */ = {
			isa = PBXResourcesBuildPhase;
			buildActionMask = 2147483647;
			files = (
				3C11B669252E4361004F8B15 /* LaunchScreen.storyboard in Resources */,
				3CBB27EC257830D200A623B7 /* MLModel in Resources */,
				3C11B666252E4361004F8B15 /* Assets.xcassets in Resources */,
				3C11B664252E435D004F8B15 /* Main.storyboard in Resources */,
			);
			runOnlyForDeploymentPostprocessing = 0;
		};
/* End PBXResourcesBuildPhase section */

/* Begin PBXShellScriptBuildPhase section */
		4D09E1192D34F9BD64B19823 /* [CP] Check Pods Manifest.lock */ = {
			isa = PBXShellScriptBuildPhase;
			buildActionMask = 2147483647;
			files = (
			);
			inputFileListPaths = (
			);
			inputPaths = (
				"${PODS_PODFILE_DIR_PATH}/Podfile.lock",
				"${PODS_ROOT}/Manifest.lock",
			);
			name = "[CP] Check Pods Manifest.lock";
			outputFileListPaths = (
			);
			outputPaths = (
				"$(DERIVED_FILE_DIR)/Pods-HomeWork2-checkManifestLockResult.txt",
			);
			runOnlyForDeploymentPostprocessing = 0;
			shellPath = /bin/sh;
			shellScript = "diff \"${PODS_PODFILE_DIR_PATH}/Podfile.lock\" \"${PODS_ROOT}/Manifest.lock\" > /dev/null\nif [ $? != 0 ] ; then\n    # print error to STDERR\n    echo \"error: The sandbox is not in sync with the Podfile.lock. Run 'pod install' or update your CocoaPods installation.\" >&2\n    exit 1\nfi\n# This output is used by Xcode 'outputs' to avoid re-running this script phase.\necho \"SUCCESS\" > \"${SCRIPT_OUTPUT_FILE_0}\"\n";
			showEnvVarsInLog = 0;
		};
		F9B028F5EC8DDF018259ED6F /* [CP] Embed Pods Frameworks */ = {
			isa = PBXShellScriptBuildPhase;
			buildActionMask = 2147483647;
			files = (
			);
			inputFileListPaths = (
				"${PODS_ROOT}/Target Support Files/Pods-HomeWork2/Pods-HomeWork2-frameworks-${CONFIGURATION}-input-files.xcfilelist",
			);
			name = "[CP] Embed Pods Frameworks";
			outputFileListPaths = (
				"${PODS_ROOT}/Target Support Files/Pods-HomeWork2/Pods-HomeWork2-frameworks-${CONFIGURATION}-output-files.xcfilelist",
			);
			runOnlyForDeploymentPostprocessing = 0;
			shellPath = /bin/sh;
			shellScript = "\"${PODS_ROOT}/Target Support Files/Pods-HomeWork2/Pods-HomeWork2-frameworks.sh\"\n";
			showEnvVarsInLog = 0;
		};
/* End PBXShellScriptBuildPhase section */

/* Begin PBXSourcesBuildPhase section */
		3C11B655252E435C004F8B15 /* Sources */ = {
			isa = PBXSourcesBuildPhase;
			buildActionMask = 2147483647;
			files = (
				3C11B661252E435C004F8B15 /* ViewController.swift in Sources */,
				3CBB27F02579129300A623B7 /* SoothsayerViewController.swift in Sources */,
				3CBB27F325791F6F00A623B7 /* Apartment.swift in Sources */,
				3C11B65D252E435C004F8B15 /* AppDelegate.swift in Sources */,
				3C11B65F252E435C004F8B15 /* SceneDelegate.swift in Sources */,
				3CE25C52257D351400DA95BE /* CostPredictionModel.mlmodel in Sources */,
			);
			runOnlyForDeploymentPostprocessing = 0;
		};
/* End PBXSourcesBuildPhase section */

/* Begin PBXVariantGroup section */
		3C11B662252E435D004F8B15 /* Main.storyboard */ = {
			isa = PBXVariantGroup;
			children = (
				3C11B663252E435D004F8B15 /* Base */,
			);
			name = Main.storyboard;
			sourceTree = "<group>";
		};
		3C11B667252E4361004F8B15 /* LaunchScreen.storyboard */ = {
			isa = PBXVariantGroup;
			children = (
				3C11B668252E4361004F8B15 /* Base */,
			);
			name = LaunchScreen.storyboard;
			sourceTree = "<group>";
		};
/* End PBXVariantGroup section */

/* Begin XCBuildConfiguration section */
		3C11B66B252E4361004F8B15 /* Debug */ = {
			isa = XCBuildConfiguration;
			buildSettings = {
				ALWAYS_SEARCH_USER_PATHS = NO;
				CLANG_ANALYZER_NONNULL = YES;
				CLANG_ANALYZER_NUMBER_OBJECT_CONVERSION = YES_AGGRESSIVE;
				CLANG_CXX_LANGUAGE_STANDARD = "gnu++14";
				CLANG_CXX_LIBRARY = "libc++";
				CLANG_ENABLE_MODULES = YES;
				CLANG_ENABLE_OBJC_ARC = YES;
				CLANG_ENABLE_OBJC_WEAK = YES;
				CLANG_WARN_BLOCK_CAPTURE_AUTORELEASING = YES;
				CLANG_WARN_BOOL_CONVERSION = YES;
				CLANG_WARN_COMMA = YES;
				CLANG_WARN_CONSTANT_CONVERSION = YES;
				CLANG_WARN_DEPRECATED_OBJC_IMPLEMENTATIONS = YES;
				CLANG_WARN_DIRECT_OBJC_ISA_USAGE = YES_ERROR;
				CLANG_WARN_DOCUMENTATION_COMMENTS = YES;
				CLANG_WARN_EMPTY_BODY = YES;
				CLANG_WARN_ENUM_CONVERSION = YES;
				CLANG_WARN_INFINITE_RECURSION = YES;
				CLANG_WARN_INT_CONVERSION = YES;
				CLANG_WARN_NON_LITERAL_NULL_CONVERSION = YES;
				CLANG_WARN_OBJC_IMPLICIT_RETAIN_SELF = YES;
				CLANG_WARN_OBJC_LITERAL_CONVERSION = YES;
				CLANG_WARN_OBJC_ROOT_CLASS = YES_ERROR;
				CLANG_WARN_QUOTED_INCLUDE_IN_FRAMEWORK_HEADER = YES;
				CLANG_WARN_RANGE_LOOP_ANALYSIS = YES;
				CLANG_WARN_STRICT_PROTOTYPES = YES;
				CLANG_WARN_SUSPICIOUS_MOVE = YES;
				CLANG_WARN_UNGUARDED_AVAILABILITY = YES_AGGRESSIVE;
				CLANG_WARN_UNREACHABLE_CODE = YES;
				CLANG_WARN__DUPLICATE_METHOD_MATCH = YES;
				COPY_PHASE_STRIP = NO;
				DEBUG_INFORMATION_FORMAT = dwarf;
				ENABLE_STRICT_OBJC_MSGSEND = YES;
				ENABLE_TESTABILITY = YES;
				GCC_C_LANGUAGE_STANDARD = gnu11;
				GCC_DYNAMIC_NO_PIC = NO;
				GCC_NO_COMMON_BLOCKS = YES;
				GCC_OPTIMIZATION_LEVEL = 0;
				GCC_PREPROCESSOR_DEFINITIONS = (
					"DEBUG=1",
					"$(inherited)",
				);
				GCC_WARN_64_TO_32_BIT_CONVERSION = YES;
				GCC_WARN_ABOUT_RETURN_TYPE = YES_ERROR;
				GCC_WARN_UNDECLARED_SELECTOR = YES;
				GCC_WARN_UNINITIALIZED_AUTOS = YES_AGGRESSIVE;
				GCC_WARN_UNUSED_FUNCTION = YES;
				GCC_WARN_UNUSED_VARIABLE = YES;
				IPHONEOS_DEPLOYMENT_TARGET = 14.0;
				MTL_ENABLE_DEBUG_INFO = INCLUDE_SOURCE;
				MTL_FAST_MATH = YES;
				ONLY_ACTIVE_ARCH = YES;
				SDKROOT = iphoneos;
				SWIFT_ACTIVE_COMPILATION_CONDITIONS = DEBUG;
				SWIFT_OPTIMIZATION_LEVEL = "-Onone";
			};
			name = Debug;
		};
		3C11B66C252E4361004F8B15 /* Release */ = {
			isa = XCBuildConfiguration;
			buildSettings = {
				ALWAYS_SEARCH_USER_PATHS = NO;
				CLANG_ANALYZER_NONNULL = YES;
				CLANG_ANALYZER_NUMBER_OBJECT_CONVERSION = YES_AGGRESSIVE;
				CLANG_CXX_LANGUAGE_STANDARD = "gnu++14";
				CLANG_CXX_LIBRARY = "libc++";
				CLANG_ENABLE_MODULES = YES;
				CLANG_ENABLE_OBJC_ARC = YES;
				CLANG_ENABLE_OBJC_WEAK = YES;
				CLANG_WARN_BLOCK_CAPTURE_AUTORELEASING = YES;
				CLANG_WARN_BOOL_CONVERSION = YES;
				CLANG_WARN_COMMA = YES;
				CLANG_WARN_CONSTANT_CONVERSION = YES;
				CLANG_WARN_DEPRECATED_OBJC_IMPLEMENTATIONS = YES;
				CLANG_WARN_DIRECT_OBJC_ISA_USAGE = YES_ERROR;
				CLANG_WARN_DOCUMENTATION_COMMENTS = YES;
				CLANG_WARN_EMPTY_BODY = YES;
				CLANG_WARN_ENUM_CONVERSION = YES;
				CLANG_WARN_INFINITE_RECURSION = YES;
				CLANG_WARN_INT_CONVERSION = YES;
				CLANG_WARN_NON_LITERAL_NULL_CONVERSION = YES;
				CLANG_WARN_OBJC_IMPLICIT_RETAIN_SELF = YES;
				CLANG_WARN_OBJC_LITERAL_CONVERSION = YES;
				CLANG_WARN_OBJC_ROOT_CLASS = YES_ERROR;
				CLANG_WARN_QUOTED_INCLUDE_IN_FRAMEWORK_HEADER = YES;
				CLANG_WARN_RANGE_LOOP_ANALYSIS = YES;
				CLANG_WARN_STRICT_PROTOTYPES = YES;
				CLANG_WARN_SUSPICIOUS_MOVE = YES;
				CLANG_WARN_UNGUARDED_AVAILABILITY = YES_AGGRESSIVE;
				CLANG_WARN_UNREACHABLE_CODE = YES;
				CLANG_WARN__DUPLICATE_METHOD_MATCH = YES;
				COPY_PHASE_STRIP = NO;
				DEBUG_INFORMATION_FORMAT = "dwarf-with-dsym";
				ENABLE_NS_ASSERTIONS = NO;
				ENABLE_STRICT_OBJC_MSGSEND = YES;
				GCC_C_LANGUAGE_STANDARD = gnu11;
				GCC_NO_COMMON_BLOCKS = YES;
				GCC_WARN_64_TO_32_BIT_CONVERSION = YES;
				GCC_WARN_ABOUT_RETURN_TYPE = YES_ERROR;
				GCC_WARN_UNDECLARED_SELECTOR = YES;
				GCC_WARN_UNINITIALIZED_AUTOS = YES_AGGRESSIVE;
				GCC_WARN_UNUSED_FUNCTION = YES;
				GCC_WARN_UNUSED_VARIABLE = YES;
				IPHONEOS_DEPLOYMENT_TARGET = 14.0;
				MTL_ENABLE_DEBUG_INFO = NO;
				MTL_FAST_MATH = YES;
				SDKROOT = iphoneos;
				SWIFT_COMPILATION_MODE = wholemodule;
				SWIFT_OPTIMIZATION_LEVEL = "-O";
				VALIDATE_PRODUCT = YES;
			};
			name = Release;
		};
		3C11B66E252E4361004F8B15 /* Debug */ = {
			isa = XCBuildConfiguration;
			baseConfigurationReference = 4756125CDAACE2E181532673 /* Pods-HomeWork2.debug.xcconfig */;
			buildSettings = {
				ASSETCATALOG_COMPILER_APPICON_NAME = AppIcon;
				ASSETCATALOG_COMPILER_GLOBAL_ACCENT_COLOR_NAME = AccentColor;
				CODE_SIGN_STYLE = Automatic;
				DEVELOPMENT_TEAM = Q66LD4VF2K;
				INFOPLIST_FILE = HomeWork2/Info.plist;
				IPHONEOS_DEPLOYMENT_TARGET = 13.0;
				LD_RUNPATH_SEARCH_PATHS = (
					"$(inherited)",
					"@executable_path/Frameworks",
				);
				PRODUCT_BUNDLE_IDENTIFIER = SkillBox.HomeWork2;
				PRODUCT_NAME = "$(TARGET_NAME)";
				SWIFT_VERSION = 5.0;
				TARGETED_DEVICE_FAMILY = "1,2";
			};
			name = Debug;
		};
		3C11B66F252E4361004F8B15 /* Release */ = {
			isa = XCBuildConfiguration;
			baseConfigurationReference = 495DAA6EB317E134E960E937 /* Pods-HomeWork2.release.xcconfig */;
			buildSettings = {
				ASSETCATALOG_COMPILER_APPICON_NAME = AppIcon;
				ASSETCATALOG_COMPILER_GLOBAL_ACCENT_COLOR_NAME = AccentColor;
				CODE_SIGN_STYLE = Automatic;
				DEVELOPMENT_TEAM = Q66LD4VF2K;
				INFOPLIST_FILE = HomeWork2/Info.plist;
				IPHONEOS_DEPLOYMENT_TARGET = 13.0;
				LD_RUNPATH_SEARCH_PATHS = (
					"$(inherited)",
					"@executable_path/Frameworks",
				);
				PRODUCT_BUNDLE_IDENTIFIER = SkillBox.HomeWork2;
				PRODUCT_NAME = "$(TARGET_NAME)";
				SWIFT_VERSION = 5.0;
				TARGETED_DEVICE_FAMILY = "1,2";
			};
			name = Release;
		};
/* End XCBuildConfiguration section */

/* Begin XCConfigurationList section */
		3C11B654252E435C004F8B15 /* Build configuration list for PBXProject "HomeWork2" */ = {
			isa = XCConfigurationList;
			buildConfigurations = (
				3C11B66B252E4361004F8B15 /* Debug */,
				3C11B66C252E4361004F8B15 /* Release */,
			);
			defaultConfigurationIsVisible = 0;
			defaultConfigurationName = Release;
		};
		3C11B66D252E4361004F8B15 /* Build configuration list for PBXNativeTarget "HomeWork2" */ = {
			isa = XCConfigurationList;
			buildConfigurations = (
				3C11B66E252E4361004F8B15 /* Debug */,
				3C11B66F252E4361004F8B15 /* Release */,
			);
			defaultConfigurationIsVisible = 0;
			defaultConfigurationName = Release;
		};
/* End XCConfigurationList section */
	};
	rootObject = 3C11B651252E435C004F8B15 /* Project object */;
}
